
Microsoft Visual Studio Solution File, Format Version 12.00
# Visual Studio Version 17
VisualStudioVersion = 17.4.33122.133
MinimumVisualStudioVersion = 10.0.40219.1
Project("{FAE04EC0-301F-11D3-BF4B-00C04F79EFBC}") = "CalculatorWebsite", "CalculatorWebsite.csproj", "{64A2E4A5-24A3-4593-B0C9-6B91416C4390}"
EndProject
Global
	GlobalSection(SolutionConfigurationPlatforms) = preSolution
		Debug|Any CPU = Debug|Any CPU
		Release|Any CPU = Release|Any CPU
	EndGlobalSection
	GlobalSection(ProjectConfigurationPlatforms) = postSolution
		{64A2E4A5-24A3-4593-B0C9-6B91416C4390}.Debug|Any CPU.ActiveCfg = Debug|Any CPU
		{64A2E4A5-24A3-4593-B0C9-6B91416C4390}.Debug|Any CPU.Build.0 = Debug|Any CPU
		{64A2E4A5-24A3-4593-B0C9-6B91416C4390}.Release|Any CPU.ActiveCfg = Release|Any CPU
		{64A2E4A5-24A3-4593-B0C9-6B91416C4390}.Release|Any CPU.Build.0 = Release|Any CPU
	EndGlobalSection
	GlobalSection(SolutionProperties) = preSolution
		HideSolutionNode = FALSE
	EndGlobalSection
	GlobalSection(ExtensibilityGlobals) = postSolution
		SolutionGuid = {BE27CE6F-7A31-4F4D-920F-681498C83439}
	EndGlobalSection
EndGlobal
